version = 1
requires-python = ">=3.8"
resolution-markers = [
    "python_full_version >= '3.9'",
    "python_full_version < '3.9'",
]

[[package]]
name = "bard"
version = "0.0.1"
source = { editable = "." }

[package.dev-dependencies]
dev = [
    { name = "cython" },
    { name = "setuptools", version = "75.3.2", source = { registry = "https://pypi.org/simple" }, marker = "python_full_version < '3.9'" },
    { name = "setuptools", version = "80.3.1", source = { registry = "https://pypi.org/simple" }, marker = "python_full_version >= '3.9'" },
]

[package.metadata]

[package.metadata.requires-dev]
dev = [
    { name = "cython", specifier = ">=3.1.0" },
    { name = "setuptools", specifier = ">=75.3.2" },
]

[[package]]
name = "cython"
version = "3.1.0"
source = { registry = "https://pypi.org/simple" }
sdist = { url = "https://files.pythonhosted.org/packages/cf/f7/db37a613aec5abcd51c8000a386a701ac32e94659aa03fa69c3e5c19b149/cython-3.1.0.tar.gz", hash = "sha256:1097dd60d43ad0fff614a57524bfd531b35c13a907d13bee2cc2ec152e6bf4a1", size = 3181017 }
wheels = [
    { url = "https://files.pythonhosted.org/packages/2c/d0/0fa0e74e575951be0b13719331bcb7aa9c3ced53da085a7cdad195fa781e/cython-3.1.0-cp310-cp310-macosx_10_9_x86_64.whl", hash = "sha256:335982ac0b71a75720b99b980570b9a8416fafd1989ccf4292c0f2e0e1902eac", size = 2970869 },
    { url = "https://files.pythonhosted.org/packages/a1/db/1eaf36412f5fc0a8fe3b0f50f82f3ca73ffc4aa86c4dfe9bcb324e5b1dde/cython-3.1.0-cp310-cp310-macosx_11_0_arm64.whl", hash = "sha256:c9389b7941e333a1cc11074556adbf6a9f97ed3de141c1b45cc9f957cd7f7fa2", size = 2834630 },
    { url = "https://files.pythonhosted.org/packages/06/13/22a7228dbd58ea265a5ca060e9b5b6efb6cc578e2cce4873e6d32911da22/cython-3.1.0-cp310-cp310-manylinux_2_17_aarch64.manylinux2014_aarch64.whl", hash = "sha256:136c938f3c0fe91bea3eab32751b860ab7587285c5225436b76a98fe933c599a", size = 3207926 },
    { url = "https://files.pythonhosted.org/packages/43/ca/57723154d0a28bd75419f58479629a08b3a2dd5ed5dd21259a7c4c1e4d9f/cython-3.1.0-cp310-cp310-manylinux_2_17_x86_64.manylinux2014_x86_64.whl", hash = "sha256:d722d311fee9f0dc80b17b8f9d1f46311be63b631b7aeed8530bf5f5e8849507", size = 3328068 },
    { url = "https://files.pythonhosted.org/packages/dc/9b/b8fdd4c390363a5e3e37f4ce704c1b010d1f7de9f7440a37eb90f24ad782/cython-3.1.0-cp310-cp310-manylinux_2_5_i686.manylinux1_i686.manylinux_2_17_i686.manylinux2014_i686.whl", hash = "sha256:95eb189635a4542f1f8471bcf9756bffdac5294c41d4a4de935c77852d54e992", size = 3388978 },
    { url = "https://files.pythonhosted.org/packages/fa/96/44dc42407a5b60c59dbafea4d42aafed7a6e2ea664f9d12b63b9fde40fc0/cython-3.1.0-cp310-cp310-musllinux_1_2_aarch64.whl", hash = "sha256:c063146c711751701ad662eefbdf5b396098d646f1239a2f5a6caea2d6707c5d", size = 3250871 },
    { url = "https://files.pythonhosted.org/packages/d5/ef/6b44c99713b440bcf024824ec7871a1ef7c7f0d420ef9b03a3a26bfecebb/cython-3.1.0-cp310-cp310-musllinux_1_2_i686.whl", hash = "sha256:d78774a25c221fbda3855acbccb249989a04d334fb4ac8112ab5ffe4f1bcc65e", size = 3475149 },
    { url = "https://files.pythonhosted.org/packages/a1/72/454497a5fd7f47e9fcf72e06eebfd0736d64cc8c09faac794ce9507e490a/cython-3.1.0-cp310-cp310-musllinux_1_2_x86_64.whl", hash = "sha256:678e204230ece3205c17285383727b9e99097e7a80330fabb75cdd80d1f4c2ee", size = 3412216 },
    { url = "https://files.pythonhosted.org/packages/e8/dd/ab671996ea70e89f6757d25ee8566435105f4bdb46f3be8f6ed15e44e3b7/cython-3.1.0-cp310-cp310-win32.whl", hash = "sha256:8029dffafa9ec5e83b6cc28f8b061f158132f2b1e800673716f7b9d9f85f2335", size = 2458244 },
    { url = "https://files.pythonhosted.org/packages/dc/68/f7a75c7b1b1c355e7fcca44bc0578c67106c486e9b735bfa2cb1388b1a7b/cython-3.1.0-cp310-cp310-win_amd64.whl", hash = "sha256:8dbefee67f3c9219cc9d2311e4ebf9f7b930e1db4b6eec2863df0c436e3c78d0", size = 2658341 },
    { url = "https://files.pythonhosted.org/packages/1b/bd/eb20821704e0bac5051ae552db574cf5022ba658006a0c187d85d50cfd69/cython-3.1.0-cp311-cp311-macosx_10_9_x86_64.whl", hash = "sha256:c736405078dc376502617eb41c39e223ae176ebd1a4ddc18179d2517bc8c8658", size = 3004811 },
    { url = "https://files.pythonhosted.org/packages/59/6f/2f4e1382e365006055ec7b803372283065c4cef6f5bab88f8ed2ab350452/cython-3.1.0-cp311-cp311-macosx_11_0_arm64.whl", hash = "sha256:1215d3adb4e8691d03e712aed31206d21f387a8003d8de6a574ee75fe6d2e07c", size = 2868305 },
    { url = "https://files.pythonhosted.org/packages/6e/b3/9778e21b317c10e9a1028270eb87eda91202cd37ee1e0c09630a600629ef/cython-3.1.0-cp311-cp311-manylinux_2_17_aarch64.manylinux2014_aarch64.whl", hash = "sha256:522d4dae1fea71eee5c944fb7a8530de8bdd6df0ccb2bd001d0f75be228eac6c", size = 3130151 },
    { url = "https://files.pythonhosted.org/packages/58/e7/4fe8304d1caccff52a4c042274b42bf23574a380e64a86daaf4c695be510/cython-3.1.0-cp311-cp311-manylinux_2_17_x86_64.manylinux2014_x86_64.whl", hash = "sha256:462ad6142057e81715ada74e2d24b9a07bf36ae3da72bf973478b5c3e809c26d", size = 3220382 },
    { url = "https://files.pythonhosted.org/packages/0a/88/9d3d7a1cb8ce3e93acbabac6f2275cfaa1021c2ddf93d2c0999bb2ee4d43/cython-3.1.0-cp311-cp311-manylinux_2_5_i686.manylinux1_i686.manylinux_2_17_i686.manylinux2014_i686.whl", hash = "sha256:a8f00cdeb14f004ebeacf946e06bad2e3ed5776af96f5af95f92d822c4ba275f", size = 3287586 },
    { url = "https://files.pythonhosted.org/packages/91/49/99148b55ad1c036fb1cb69bf3729d2beecc4246f7c5f487006f16ec1f394/cython-3.1.0-cp311-cp311-musllinux_1_2_aarch64.whl", hash = "sha256:37d62b8b8919126c75769e5470b288d76c83a1645e73c7aca4b7d7aecb3c1234", size = 3175407 },
    { url = "https://files.pythonhosted.org/packages/0e/52/297ce50c21647ae3741856e57f04ba69b1819e5658756823a3a1efd05e8e/cython-3.1.0-cp311-cp311-musllinux_1_2_i686.whl", hash = "sha256:bea0b6bfde7493acb0529fc603abd4b3b13c3bb2fff7a889ae5a8d3ea7dc5a84", size = 3381904 },
    { url = "https://files.pythonhosted.org/packages/61/ab/2966d2786f4e6a7903d23b019a810675334960e8d88686a985286bd8f53d/cython-3.1.0-cp311-cp311-musllinux_1_2_x86_64.whl", hash = "sha256:fe8c1db9ec03d9ef83e33c842c108e892577ade4c5f530c9435beced048e4698", size = 3305998 },
    { url = "https://files.pythonhosted.org/packages/62/52/0670d10b563b2f345477a158bd133399ddb9e7f6ff16e397e77932c07026/cython-3.1.0-cp311-cp311-win32.whl", hash = "sha256:5f6417d378bd11ca55f16e3c1c7c3bf6d7f0a0cc326c46e309fcba46c54ba4f1", size = 2454005 },
    { url = "https://files.pythonhosted.org/packages/53/6e/3ea341450bc40f3c0c3da9ae05c22eeb59930531accba78a4b3eebaf342c/cython-3.1.0-cp311-cp311-win_amd64.whl", hash = "sha256:dde3726aa5acbe879f849a09606b886491f950cfa993b435e50e9561fdf731c6", size = 2663258 },
    { url = "https://files.pythonhosted.org/packages/e9/64/ae1d8848550ec3975634fcf189ccc85e73c3b9f76369dd85c484f2f8f1c3/cython-3.1.0-cp312-cp312-macosx_10_13_x86_64.whl", hash = "sha256:8f8c4753f6b926046c0cdf6037ba8560f6677730bf0ab9c1db4e0163b4bb30f9", size = 3012737 },
    { url = "https://files.pythonhosted.org/packages/cc/e6/c8fe5e71b4272a1b5683a006bfe4bfeb5e2691c6603b44d18eb57772f626/cython-3.1.0-cp312-cp312-macosx_11_0_arm64.whl", hash = "sha256:db8e15c8eeee529468eab08528c9bf714a94354b34375be6c0c110f6012a4768", size = 2843774 },
    { url = "https://files.pythonhosted.org/packages/6a/eb/aeb62d32049ab55555e679b7d0cdb2f8c16f6a9d1189a56a96a0c1e86083/cython-3.1.0-cp312-cp312-manylinux_2_17_aarch64.manylinux2014_aarch64.whl", hash = "sha256:a46b34defa672268474fbb5541f6297f45df9e4ecc4def6edd6fe1c44bfdb795", size = 3080908 },
    { url = "https://files.pythonhosted.org/packages/c9/7a/5d5507f1fafd3215ea7d01e1c78809ca71dddd88b4ce75dba3ca53ab2b3b/cython-3.1.0-cp312-cp312-manylinux_2_17_x86_64.manylinux2014_x86_64.whl", hash = "sha256:8818446612461aca3978ebe8e3def817a120d91f85022540843ebe4f24818cd6", size = 3197585 },
    { url = "https://files.pythonhosted.org/packages/f8/97/34dd0112d042ec85736273acb2caced7e576681fbf003bcefd007bbd36d2/cython-3.1.0-cp312-cp312-manylinux_2_5_i686.manylinux1_i686.manylinux_2_17_i686.manylinux2014_i686.whl", hash = "sha256:fe401e825b0fbeec75f8cc758c8cf32345c673bdb0edaf9585cd43b9d2798824", size = 3244153 },
    { url = "https://files.pythonhosted.org/packages/fb/98/77c50a153f4acdf7b48d055c5387edbcd3de1e0d17affca5181cb009f702/cython-3.1.0-cp312-cp312-musllinux_1_2_aarch64.whl", hash = "sha256:c96908b302e87e99915b3b66481a976e32b864e95bf054dcd2cb859dffd8cb10", size = 3123440 },
    { url = "https://files.pythonhosted.org/packages/63/22/ecb9301ee1efbb0b3a6be371fd01be87d45113ed2fe804897d399da8af6f/cython-3.1.0-cp312-cp312-musllinux_1_2_i686.whl", hash = "sha256:cdde5f25fdb8a5d50dbe5d418fe5bfb2260b1acdbd45b788e77b247e9adf2f56", size = 3337569 },
    { url = "https://files.pythonhosted.org/packages/fa/67/b707c2548cc2f790c60bb634b996f93e748ad081681c28fe7a22591e663e/cython-3.1.0-cp312-cp312-musllinux_1_2_x86_64.whl", hash = "sha256:fe3320d13cde70fa8b1936e633b9e0fa68720cc61f97aa371d56d0f84fba3e02", size = 3289049 },
    { url = "https://files.pythonhosted.org/packages/be/61/05b58fc96248b2d6e487f1f8d20217d3ce6d4ba5b621fb315b23c87d077c/cython-3.1.0-cp312-cp312-win32.whl", hash = "sha256:d41d17d7cfcfbddf3b7dc0ceddb6361b8e749b0b3c5f8efa40c31c249127fa15", size = 2469164 },
    { url = "https://files.pythonhosted.org/packages/4a/a1/74009b116dbec7d6c721ac268a4aa2c0c0069c99c138586f27c8fb77cae3/cython-3.1.0-cp312-cp312-win_amd64.whl", hash = "sha256:61eb67401bd6c977084fc789812bd40f96be500049adb2bab99921d696ae0c87", size = 2673707 },
    { url = "https://files.pythonhosted.org/packages/2a/8f/47cdebf325a026963fe0e4f1a6e0b02304e1797863186c552e242be78861/cython-3.1.0-cp313-cp313-macosx_10_13_x86_64.whl", hash = "sha256:539828d14fbd95eff135e8dc9e93012f5b018657868f15a69cb475b8784efb9a", size = 2996710 },
    { url = "https://files.pythonhosted.org/packages/f3/5a/6eee7f38a77b7d533f59f3978af90b4a0958ff63a6191f9ae34e94bee982/cython-3.1.0-cp313-cp313-macosx_11_0_arm64.whl", hash = "sha256:fd0003171ad84d4812fdb1eb9a4f678ed027e75fbc2b7bef5db482621b72137a", size = 2829408 },
    { url = "https://files.pythonhosted.org/packages/8f/eb/0870813d86e1cfdeaeecb548192ac6c1fe8d1195b5cf60401aac62b3d139/cython-3.1.0-cp313-cp313-manylinux_2_17_aarch64.manylinux2014_aarch64.whl", hash = "sha256:4551f9ab91019b6b63cf8b16bf1abb519db67627c31162f604e370e596b8c60c", size = 3068893 },
    { url = "https://files.pythonhosted.org/packages/8f/14/3676fcf2936c3a01538c01069f649440d3948d77ac117934896ed20f724b/cython-3.1.0-cp313-cp313-manylinux_2_17_x86_64.manylinux2014_x86_64.whl", hash = "sha256:c088ac33f4fa04b3589c4e5cfb8a81e9d9a990405409f9c8bfab0f5a9e8b724f", size = 3185626 },
    { url = "https://files.pythonhosted.org/packages/e6/5d/ac817171129ebea07dde321301a3d54740765c8600133b9b3a790d5e932a/cython-3.1.0-cp313-cp313-manylinux_2_5_i686.manylinux1_i686.manylinux_2_17_i686.manylinux2014_i686.whl", hash = "sha256:8926651830ada313a04284e711c2cf11e4e800ca080e83012418208edd4334a2", size = 3209389 },
    { url = "https://files.pythonhosted.org/packages/42/54/47779d9dd2ff253b81fa2eb77a064a8290c0a74b42cf155a5527eb5bc3fc/cython-3.1.0-cp313-cp313-musllinux_1_2_aarch64.whl", hash = "sha256:e03b3280c7ff99fae7b47327a4e2de7e117b069ce9183dc53774069c3e73d1c8", size = 3110786 },
    { url = "https://files.pythonhosted.org/packages/be/0c/52bc291109dbedc1e054ead71d8f1f4ade060f69e0d69e0675e0e13a2238/cython-3.1.0-cp313-cp313-musllinux_1_2_i686.whl", hash = "sha256:0605d364a2cc632c9269990777c2b266611724d1fccaa614fde335c2209b82da", size = 3308647 },
    { url = "https://files.pythonhosted.org/packages/9f/f9/f862904d1e7949b94f103d2dd97e82f56a94afecfd3d475fe4ca7a6ca063/cython-3.1.0-cp313-cp313-musllinux_1_2_x86_64.whl", hash = "sha256:856950b7c4282a713bcf4794aaae8f18d4a1ae177d3b63739604c91019ac4117", size = 3265784 },
    { url = "https://files.pythonhosted.org/packages/b8/c4/10baec2a2e214cd0b74debfe6cca0adda7753dd1a3f41b2a3943227c0db4/cython-3.1.0-cp313-cp313-win32.whl", hash = "sha256:d6854c89d6c1ff472861376822a9df7a0c62b2be362147d313cf7f10bf230c69", size = 2464743 },
    { url = "https://files.pythonhosted.org/packages/a2/bf/322e89d5fbf692fb1581ec2cb95f8286b45dbfe738af6459ca085e40c071/cython-3.1.0-cp313-cp313-win_amd64.whl", hash = "sha256:9d6c88e8c86f2c582a2f9b460174ef86d9e01c8bfb12b8f7c44d697242285551", size = 2672862 },
    { url = "https://files.pythonhosted.org/packages/a6/3b/ccfb5daddcbc69ba59bd058d6aa05eb6fc8dff9d56a5ef33c8419796be55/cython-3.1.0-cp38-cp38-macosx_10_9_x86_64.whl", hash = "sha256:8513e706300acd6b2b0eab6c33fcca87127b43aea2ad838060a17c2fc5e2784a", size = 3084475 },
    { url = "https://files.pythonhosted.org/packages/3f/bb/41853beb842bd428f0ac3eefefda32a0d36e1fc3cefdf62bf63c2cfc45f4/cython-3.1.0-cp38-cp38-macosx_11_0_arm64.whl", hash = "sha256:3d82c904e2cb0406dc5b77a7f2715fd352ad55d276e12a9955b8ecd39ca703b9", size = 2945645 },
    { url = "https://files.pythonhosted.org/packages/56/0b/a6564167c0dce8bd396cc299b057beabab5dae47572dc9c567f15419ec2f/cython-3.1.0-cp38-cp38-manylinux_2_17_aarch64.manylinux2014_aarch64.whl", hash = "sha256:73c64f40d52a7c1d1e0bc37ed71298a1446f2a21297a9b45e6e423b7d9e835bd", size = 3143148 },
    { url = "https://files.pythonhosted.org/packages/73/08/94828f7e4f29f370fbb6f91427e95ef4e9f54a4457b2e3992b896c875f67/cython-3.1.0-cp38-cp38-manylinux_2_17_x86_64.manylinux2014_x86_64.whl", hash = "sha256:d4893a9eca2d60e1e38d82e43db10546734f512f7934a0872fb49f6b79b33fe2", size = 3246867 },
    { url = "https://files.pythonhosted.org/packages/18/e9/b9dcdf5421a1373306891685efd508bdb3aa3e5604f52885d43742856b5e/cython-3.1.0-cp38-cp38-manylinux_2_5_i686.manylinux1_i686.manylinux_2_17_i686.manylinux2014_i686.whl", hash = "sha256:1fad170f110fdf574e90f5595fc5e4f32e1b3a098845f5de46cf3fd40bdb91e4", size = 3338760 },
    { url = "https://files.pythonhosted.org/packages/5f/fa/d429c2c596fe851add29d8ca50c0f12f85db5e2bb502bcb3644337439b90/cython-3.1.0-cp38-cp38-musllinux_1_2_aarch64.whl", hash = "sha256:83c43fc0bac24942da6c3cc9c30e8664319c1758c2197a7649f5849257fa3e75", size = 3192682 },
    { url = "https://files.pythonhosted.org/packages/4f/4d/e11c6012a596f8a3da1956a70b0b13023a42b1c2c81fe62259785f913ab5/cython-3.1.0-cp38-cp38-musllinux_1_2_i686.whl", hash = "sha256:1f2d60a9055db796e488656732d2b1d9c73869c720c97d996bcada3c0a8ecff6", size = 3427276 },
    { url = "https://files.pythonhosted.org/packages/9c/c7/0f5386ebdd518e4dc390864a1deef624ced124e3b39a09f84a3ae19f4025/cython-3.1.0-cp38-cp38-musllinux_1_2_x86_64.whl", hash = "sha256:588634346814b91ab8e119980337118b83916dccd49d2eea7ce326a754fd7d5c", size = 3342669 },
    { url = "https://files.pythonhosted.org/packages/50/08/3758a8028d4f5f14c4825da787e4dd58d87234b7a1fae9e50f06c7f4acdf/cython-3.1.0-cp38-cp38-win32.whl", hash = "sha256:a5d3d11a2c8679f49a237993138b253d7a4ee1363d1d557d6e637d593adf14fb", size = 2482638 },
    { url = "https://files.pythonhosted.org/packages/10/57/08c3bf52ae98f690d8b85c7a1f123f24b34b1f31c69791d429a7473f7734/cython-3.1.0-cp38-cp38-win_amd64.whl", hash = "sha256:7f0469e82b70b7a9e74dda3c96ea56a04bcd545b9213ccbdb8bdaf7ca8b43989", size = 2675694 },
    { url = "https://files.pythonhosted.org/packages/c0/f1/ec06f1a3e6926ba903dbe5cd4940c599f2a32cf6dc8b1690da433b0f24f7/cython-3.1.0-cp39-cp39-macosx_10_9_x86_64.whl", hash = "sha256:0bf339b064b0e67807937a2d6cb370c41b8b0d5f7fbcbdc3b97550536261b6cf", size = 2979744 },
    { url = "https://files.pythonhosted.org/packages/c3/fd/b627e09a6dc3d0723de37451c6ef7517c5cab3e1808cd4f65d320d90b9ea/cython-3.1.0-cp39-cp39-macosx_11_0_arm64.whl", hash = "sha256:012d424d313c28c5ef63cce23e23e39dc8ea2825c8697de145549b99125c8966", size = 2842841 },
    { url = "https://files.pythonhosted.org/packages/a1/cc/2386c755f0505ddf8705b62f94265b47442c13d67490224810b704d29623/cython-3.1.0-cp39-cp39-manylinux_2_17_aarch64.manylinux2014_aarch64.whl", hash = "sha256:5903c4c474548c66865dd616254d09f7db1ea4c43c1d0bcf927166de5ea9b0c9", size = 3217820 },
    { url = "https://files.pythonhosted.org/packages/de/3a/42d15d96473d47fd25acf843f5f99b6fb003f2a2516f898a3b6ebbd26ea5/cython-3.1.0-cp39-cp39-manylinux_2_17_x86_64.manylinux2014_x86_64.whl", hash = "sha256:ab3b461f4b18ccc2b692b512c8c35c92a2d2a1bcaed41cb0864108109782cc4a", size = 3336163 },
    { url = "https://files.pythonhosted.org/packages/7f/d0/70fb8cc0ed1544e44cb4f3f8df70db17621f635d9886b2bd91e9e748c9b2/cython-3.1.0-cp39-cp39-manylinux_2_5_i686.manylinux1_i686.manylinux_2_17_i686.manylinux2014_i686.whl", hash = "sha256:9511b32f2a77b5ead0690c9a051038e0d30c25334bd6915c3fe657d5852399c1", size = 3395554 },
    { url = "https://files.pythonhosted.org/packages/3f/40/30c65d40c61e560c055e586f368a75d4b244f882bb6b7a6aa949c8a9de1f/cython-3.1.0-cp39-cp39-musllinux_1_2_aarch64.whl", hash = "sha256:88020b0a427fcdbea0fd1ffd51877f06dec8d810ff123e301fe0ceca62562714", size = 3256150 },
    { url = "https://files.pythonhosted.org/packages/65/81/8ad9d6a573a40519fd3fdde9edc54c23b74c00905120ba069a4365d5adeb/cython-3.1.0-cp39-cp39-musllinux_1_2_i686.whl", hash = "sha256:e162a2bd810ae9c9bb548beec8abe00ef80494b7705867363d92988696a09b9c", size = 3481821 },
    { url = "https://files.pythonhosted.org/packages/cb/60/3c2d4c872820a81cf90aa2f6a0d5b3ee74f66215d527591eb2e18fa7d1c7/cython-3.1.0-cp39-cp39-musllinux_1_2_x86_64.whl", hash = "sha256:752b34334a75a8f8bb10e23cac8d397bf3cc8dcb3bd95b40156b914299c5e25f", size = 3415365 },
    { url = "https://files.pythonhosted.org/packages/9a/ae/cff41ecf1ea28670284f19b033a79cff714388bdd945a49c34ecc3f76572/cython-3.1.0-cp39-cp39-win32.whl", hash = "sha256:d9851900eace8794d5225b7910d7929a25817f078b0e4dba064313f8a1ed2326", size = 2463119 },
    { url = "https://files.pythonhosted.org/packages/89/82/a720443585c10a7a9e214ee073510d53efa75731c51b0b75600b17935394/cython-3.1.0-cp39-cp39-win_amd64.whl", hash = "sha256:286371835ca5f51e84d450243d5e341ca00513a04b2dc22333da34c0cdd375e5", size = 2662623 },
    { url = "https://files.pythonhosted.org/packages/9f/cc/221af506254978b119a2f6769b81b16bcfe09e0fb3fc5ab66e53e536d933/cython-3.1.0-py3-none-any.whl", hash = "sha256:4e460bdf1d8742ddf4914959842f2f23ca4934df97f864be799ddf1912acd0ab", size = 1227398 },
]

[[package]]
name = "setuptools"
version = "75.3.2"
source = { registry = "https://pypi.org/simple" }
resolution-markers = [
    "python_full_version < '3.9'",
]
sdist = { url = "https://files.pythonhosted.org/packages/5c/01/771ea46cce201dd42cff043a5eea929d1c030fb3d1c2ee2729d02ca7814c/setuptools-75.3.2.tar.gz", hash = "sha256:3c1383e1038b68556a382c1e8ded8887cd20141b0eb5708a6c8d277de49364f5", size = 1354489 }
wheels = [
    { url = "https://files.pythonhosted.org/packages/15/65/3f0dba35760d902849d39d38c0a72767794b1963227b69a587f8a336d08c/setuptools-75.3.2-py3-none-any.whl", hash = "sha256:90ab613b6583fc02d5369cbca13ea26ea0e182d1df2d943ee9cbe81d4c61add9", size = 1251198 },
]

[[package]]
name = "setuptools"
version = "80.3.1"
source = { registry = "https://pypi.org/simple" }
resolution-markers = [
    "python_full_version >= '3.9'",
]
sdist = { url = "https://files.pythonhosted.org/packages/70/dc/3976b322de9d2e87ed0007cf04cc7553969b6c7b3f48a565d0333748fbcd/setuptools-80.3.1.tar.gz", hash = "sha256:31e2c58dbb67c99c289f51c16d899afedae292b978f8051efaf6262d8212f927", size = 1315082 }
wheels = [
    { url = "https://files.pythonhosted.org/packages/53/7e/5d8af3317ddbf9519b687bd1c39d8737fde07d97f54df65553faca5cffb1/setuptools-80.3.1-py3-none-any.whl", hash = "sha256:ea8e00d7992054c4c592aeb892f6ad51fe1b4d90cc6947cc45c45717c40ec537", size = 1201172 },
]
